// !$*UTF8*$!
{
	archiveVersion = 1;
	classes = {
	};
	objectVersion = 50;
	objects = {

/* Begin PBXBuildFile section */
		975C2FEF26D3CD6E00EBCC60 /* AppDelegate.swift in Sources */ = {isa = PBXBuildFile; fileRef = 975C2FEE26D3CD6E00EBCC60 /* AppDelegate.swift */; };
		975C2FF126D3CD6E00EBCC60 /* SceneDelegate.swift in Sources */ = {isa = PBXBuildFile; fileRef = 975C2FF026D3CD6E00EBCC60 /* SceneDelegate.swift */; };
		975C2FF326D3CD6E00EBCC60 /* ViewController.swift in Sources */ = {isa = PBXBuildFile; fileRef = 975C2FF226D3CD6E00EBCC60 /* ViewController.swift */; };
		975C2FF626D3CD6E00EBCC60 /* Main.storyboard in Resources */ = {isa = PBXBuildFile; fileRef = 975C2FF426D3CD6E00EBCC60 /* Main.storyboard */; };
		975C2FF826D3CD7F00EBCC60 /* Assets.xcassets in Resources */ = {isa = PBXBuildFile; fileRef = 975C2FF726D3CD7F00EBCC60 /* Assets.xcassets */; };
		975C2FFB26D3CD7F00EBCC60 /* LaunchScreen.storyboard in Resources */ = {isa = PBXBuildFile; fileRef = 975C2FF926D3CD7F00EBCC60 /* LaunchScreen.storyboard */; };
/* End PBXBuildFile section */

/* Begin PBXFileReference section */
		975C2FEB26D3CD6E00EBCC60 /* SmartFarm.app */ = {isa = PBXFileReference; explicitFileType = wrapper.application; includeInIndex = 0; path = SmartFarm.app; sourceTree = BUILT_PRODUCTS_DIR; };
		975C2FEE26D3CD6E00EBCC60 /* AppDelegate.swift */ = {isa = PBXFileReference; lastKnownFileType = sourcecode.swift; path = AppDelegate.swift; sourceTree = "<group>"; };
		975C2FF026D3CD6E00EBCC60 /* SceneDelegate.swift */ = {isa = PBXFileReference; lastKnownFileType = sourcecode.swift; path = SceneDelegate.swift; sourceTree = "<group>"; };
		975C2FF226D3CD6E00EBCC60 /* ViewController.swift */ = {isa = PBXFileReference; lastKnownFileType = sourcecode.swift; path = ViewController.swift; sourceTree = "<group>"; };
		975C2FF526D3CD6E00EBCC60 /* Base */ = {isa = PBXFileReference; lastKnownFileType = file.storyboard; name = Base; path = Base.lproj/Main.storyboard; sourceTree = "<group>"; };
		975C2FF726D3CD7F00EBCC60 /* Assets.xcassets */ = {isa = PBXFileReference; lastKnownFileType = folder.assetcatalog; path = Assets.xcassets; sourceTree = "<group>"; };
		975C2FFA26D3CD7F00EBCC60 /* Base */ = {isa = PBXFileReference; lastKnownFileType = file.storyboard; name = Base; path = Base.lproj/LaunchScreen.storyboard; sourceTree = "<group>"; };
		975C2FFC26D3CD7F00EBCC60 /* Info.plist */ = {isa = PBXFileReference; lastKnownFileType = text.plist.xml; path = Info.plist; sourceTree = "<group>"; };
/* End PBXFileReference section */

/* Begin PBXFrameworksBuildPhase section */
		975C2FE826D3CD6E00EBCC60 /* Frameworks */ = {
			isa = PBXFrameworksBuildPhase;
			buildActionMask = 2147483647;
			files = (
			);
			runOnlyForDeploymentPostprocessing = 0;
		};
/* End PBXFrameworksBuildPhase section */

/* Begin PBXGroup section */
		975C2FE226D3CD6D00EBCC60 = {
			isa = PBXGroup;
			children = (
				975C2FED26D3CD6E00EBCC60 /* SmartFarm */,
				975C2FEC26D3CD6E00EBCC60 /* Products */,
			);
			sourceTree = "<group>";
		};
		975C2FEC26D3CD6E00EBCC60 /* Products */ = {
			isa = PBXGroup;
			children = (
				975C2FEB26D3CD6E00EBCC60 /* SmartFarm.app */,
			);
			name = Products;
			sourceTree = "<group>";
		};
		975C2FED26D3CD6E00EBCC60 /* SmartFarm */ = {
			isa = PBXGroup;
			children = (
				975C2FEE26D3CD6E00EBCC60 /* AppDelegate.swift */,
				975C2FF026D3CD6E00EBCC60 /* SceneDelegate.swift */,
				975C2FF226D3CD6E00EBCC60 /* ViewController.swift */,
				975C2FF426D3CD6E00EBCC60 /* Main.storyboard */,
				975C2FF726D3CD7F00EBCC60 /* Assets.xcassets */,
				975C2FF926D3CD7F00EBCC60 /* LaunchScreen.storyboard */,
				975C2FFC26D3CD7F00EBCC60 /* Info.plist */,
			);
			path = SmartFarm;
			sourceTree = "<group>";
		};
/* End PBXGroup section */

/* Begin PBXNativeTarget section */
		975C2FEA26D3CD6E00EBCC60 /* SmartFarm */ = {
			isa = PBXNativeTarget;
			buildConfigurationList = 975C2FFF26D3CD7F00EBCC60 /* Build configuration list for PBXNativeTarget "SmartFarm" */;
			buildPhases = (
				975C2FE726D3CD6E00EBCC60 /* Sources */,
				975C2FE826D3CD6E00EBCC60 /* Frameworks */,
				975C2FE926D3CD6E00EBCC60 /* Resources */,
			);
			buildRules = (
			);
			dependencies = (
			);
			name = SmartFarm;
			productName = SmartFarm;
			productReference = 975C2FEB26D3CD6E00EBCC60 /* SmartFarm.app */;
			productType = "com.apple.product-type.application";
		};
/* End PBXNativeTarget section */

/* Begin PBXProject section */
		975C2FE326D3CD6D00EBCC60 /* Project object */ = {
			isa = PBXProject;
			attributes = {
				LastSwiftUpdateCheck = 1250;
				LastUpgradeCheck = 1250;
				TargetAttributes = {
					975C2FEA26D3CD6E00EBCC60 = {
						CreatedOnToolsVersion = 12.5.1;
					};
				};
			};
			buildConfigurationList = 975C2FE626D3CD6D00EBCC60 /* Build configuration list for PBXProject "SmartFarm" */;
			compatibilityVersion = "Xcode 9.3";
			developmentRegion = en;
			hasScannedForEncodings = 0;
			knownRegions = (
				en,
				Base,
			);
			mainGroup = 975C2FE226D3CD6D00EBCC60;
			productRefGroup = 975C2FEC26D3CD6E00EBCC60 /* Products */;
			projectDirPath = "";
			projectRoot = "";
			targets = (
				975C2FEA26D3CD6E00EBCC60 /* SmartFarm */,
			);
		};
/* End PBXProject section */

/* Begin PBXResourcesBuildPhase section */
		975C2FE926D3CD6E00EBCC60 /* Resources */ = {
			isa = PBXResourcesBuildPhase;
			buildActionMask = 2147483647;
			files = (
				975C2FFB26D3CD7F00EBCC60 /* LaunchScreen.storyboard in Resources */,
				975C2FF826D3CD7F00EBCC60 /* Assets.xcassets in Resources */,
				975C2FF626D3CD6E00EBCC60 /* Main.storyboard in Resources */,
			);
			runOnlyForDeploymentPostprocessing = 0;
		};
/* End PBXResourcesBuildPhase section */

/* Begin PBXSourcesBuildPhase section */
		975C2FE726D3CD6E00EBCC60 /* Sources */ = {
			isa = PBXSourcesBuildPhase;
			buildActionMask = 2147483647;
			files = (
				975C2FF326D3CD6E00EBCC60 /* ViewController.swift in Sources */,
				975C2FEF26D3CD6E00EBCC60 /* AppDelegate.swift in Sources */,
				975C2FF126D3CD6E00EBCC60 /* SceneDelegate.swift in Sources */,
			);
			runOnlyForDeploymentPostprocessing = 0;
		};
/* End PBXSourcesBuildPhase section */

/* Begin PBXVariantGroup section */
		975C2FF426D3CD6E00EBCC60 /* Main.storyboard */ = {
			isa = PBXVariantGroup;
			children = (
				975C2FF526D3CD6E00EBCC60 /* Base */,
			);
			name = Main.storyboard;
			sourceTree = "<group>";
		};
		975C2FF926D3CD7F00EBCC60 /* LaunchScreen.storyboard */ = {
			isa = PBXVariantGroup;
			children = (
				975C2FFA26D3CD7F00EBCC60 /* Base */,
			);
			name = LaunchScreen.storyboard;
			sourceTree = "<group>";
		};
/* End PBXVariantGroup section */

/* Begin XCBuildConfiguration section */
		975C2FFD26D3CD7F00EBCC60 /* Debug */ = {
			isa = XCBuildConfiguration;
			buildSettings = {
				ALWAYS_SEARCH_USER_PATHS = NO;
				CLANG_ANALYZER_NONNULL = YES;
				CLANG_ANALYZER_NUMBER_OBJECT_CONVERSION = YES_AGGRESSIVE;
				CLANG_CXX_LANGUAGE_STANDARD = "gnu++14";
				CLANG_CXX_LIBRARY = "libc++";
				CLANG_ENABLE_MODULES = YES;
				CLANG_ENABLE_OBJC_ARC = YES;
				CLANG_ENABLE_OBJC_WEAK = YES;
				CLANG_WARN_BLOCK_CAPTURE_AUTORELEASING = YES;
				CLANG_WARN_BOOL_CONVERSION = YES;
				CLANG_WARN_COMMA = YES;
				CLANG_WARN_CONSTANT_CONVERSION = YES;
				CLANG_WARN_DEPRECATED_OBJC_IMPLEMENTATIONS = YES;
				CLANG_WARN_DIRECT_OBJC_ISA_USAGE = YES_ERROR;
				CLANG_WARN_DOCUMENTATION_COMMENTS = YES;
				CLANG_WARN_EMPTY_BODY = YES;
				CLANG_WARN_ENUM_CONVERSION = YES;
				CLANG_WARN_INFINITE_RECURSION = YES;
				CLANG_WARN_INT_CONVERSION = YES;
				CLANG_WARN_NON_LITERAL_NULL_CONVERSION = YES;
				CLANG_WARN_OBJC_IMPLICIT_RETAIN_SELF = YES;
				CLANG_WARN_OBJC_LITERAL_CONVERSION = YES;
				CLANG_WARN_OBJC_ROOT_CLASS = YES_ERROR;
				CLANG_WARN_QUOTED_INCLUDE_IN_FRAMEWORK_HEADER = YES;
				CLANG_WARN_RANGE_LOOP_ANALYSIS = YES;
				CLANG_WARN_STRICT_PROTOTYPES = YES;
				CLANG_WARN_SUSPICIOUS_MOVE = YES;
				CLANG_WARN_UNGUARDED_AVAILABILITY = YES_AGGRESSIVE;
				CLANG_WARN_UNREACHABLE_CODE = YES;
				CLANG_WARN__DUPLICATE_METHOD_MATCH = YES;
				COPY_PHASE_STRIP = NO;
				DEBUG_INFORMATION_FORMAT = dwarf;
				ENABLE_STRICT_OBJC_MSGSEND = YES;
				ENABLE_TESTABILITY = YES;
				GCC_C_LANGUAGE_STANDARD = gnu11;
				GCC_DYNAMIC_NO_PIC = NO;
				GCC_NO_COMMON_BLOCKS = YES;
				GCC_OPTIMIZATION_LEVEL = 0;
				GCC_PREPROCESSOR_DEFINITIONS = (
					"DEBUG=1",
					"$(inherited)",
				);
				GCC_WARN_64_TO_32_BIT_CONVERSION = YES;
				GCC_WARN_ABOUT_RETURN_TYPE = YES_ERROR;
				GCC_WARN_UNDECLARED_SELECTOR = YES;
				GCC_WARN_UNINITIALIZED_AUTOS = YES_AGGRESSIVE;
				GCC_WARN_UNUSED_FUNCTION = YES;
				GCC_WARN_UNUSED_VARIABLE = YES;
				IPHONEOS_DEPLOYMENT_TARGET = 14.5;
				MTL_ENABLE_DEBUG_INFO = INCLUDE_SOURCE;
				MTL_FAST_MATH = YES;
				ONLY_ACTIVE_ARCH = YES;
				SDKROOT = iphoneos;
				SWIFT_ACTIVE_COMPILATION_CONDITIONS = DEBUG;
				SWIFT_OPTIMIZATION_LEVEL = "-Onone";
			};
			name = Debug;
		};
		975C2FFE26D3CD7F00EBCC60 /* Release */ = {
			isa = XCBuildConfiguration;
			buildSettings = {
				ALWAYS_SEARCH_USER_PATHS = NO;
				CLANG_ANALYZER_NONNULL = YES;
				CLANG_ANALYZER_NUMBER_OBJECT_CONVERSION = YES_AGGRESSIVE;
				CLANG_CXX_LANGUAGE_STANDARD = "gnu++14";
				CLANG_CXX_LIBRARY = "libc++";
				CLANG_ENABLE_MODULES = YES;
				CLANG_ENABLE_OBJC_ARC = YES;
				CLANG_ENABLE_OBJC_WEAK = YES;
				CLANG_WARN_BLOCK_CAPTURE_AUTORELEASING = YES;
				CLANG_WARN_BOOL_CONVERSION = YES;
				CLANG_WARN_COMMA = YES;
				CLANG_WARN_CONSTANT_CONVERSION = YES;
				CLANG_WARN_DEPRECATED_OBJC_IMPLEMENTATIONS = YES;
				CLANG_WARN_DIRECT_OBJC_ISA_USAGE = YES_ERROR;
				CLANG_WARN_DOCUMENTATION_COMMENTS = YES;
				CLANG_WARN_EMPTY_BODY = YES;
				CLANG_WARN_ENUM_CONVERSION = YES;
				CLANG_WARN_INFINITE_RECURSION = YES;
				CLANG_WARN_INT_CONVERSION = YES;
				CLANG_WARN_NON_LITERAL_NULL_CONVERSION = YES;
				CLANG_WARN_OBJC_IMPLICIT_RETAIN_SELF = YES;
				CLANG_WARN_OBJC_LITERAL_CONVERSION = YES;
				CLANG_WARN_OBJC_ROOT_CLASS = YES_ERROR;
				CLANG_WARN_QUOTED_INCLUDE_IN_FRAMEWORK_HEADER = YES;
				CLANG_WARN_RANGE_LOOP_ANALYSIS = YES;
				CLANG_WARN_STRICT_PROTOTYPES = YES;
				CLANG_WARN_SUSPICIOUS_MOVE = YES;
				CLANG_WARN_UNGUARDED_AVAILABILITY = YES_AGGRESSIVE;
				CLANG_WARN_UNREACHABLE_CODE = YES;
				CLANG_WARN__DUPLICATE_METHOD_MATCH = YES;
				COPY_PHASE_STRIP = NO;
				DEBUG_INFORMATION_FORMAT = "dwarf-with-dsym";
				ENABLE_NS_ASSERTIONS = NO;
				ENABLE_STRICT_OBJC_MSGSEND = YES;
				GCC_C_LANGUAGE_STANDARD = gnu11;
				GCC_NO_COMMON_BLOCKS = YES;
				GCC_WARN_64_TO_32_BIT_CONVERSION = YES;
				GCC_WARN_ABOUT_RETURN_TYPE = YES_ERROR;
				GCC_WARN_UNDECLARED_SELECTOR = YES;
				GCC_WARN_UNINITIALIZED_AUTOS = YES_AGGRESSIVE;
				GCC_WARN_UNUSED_FUNCTION = YES;
				GCC_WARN_UNUSED_VARIABLE = YES;
				IPHONEOS_DEPLOYMENT_TARGET = 14.5;
				MTL_ENABLE_DEBUG_INFO = NO;
				MTL_FAST_MATH = YES;
				SDKROOT = iphoneos;
				SWIFT_COMPILATION_MODE = wholemodule;
				SWIFT_OPTIMIZATION_LEVEL = "-O";
				VALIDATE_PRODUCT = YES;
			};
			name = Release;
		};
		975C300026D3CD7F00EBCC60 /* Debug */ = {
			isa = XCBuildConfiguration;
			buildSettings = {
				ASSETCATALOG_COMPILER_APPICON_NAME = AppIcon;
				ASSETCATALOG_COMPILER_GLOBAL_ACCENT_COLOR_NAME = AccentColor;
				CODE_SIGN_STYLE = Automatic;
				DEVELOPMENT_TEAM = G7GEDL8QFV;
				INFOPLIST_FILE = SmartFarm/Info.plist;
				LD_RUNPATH_SEARCH_PATHS = (
					"$(inherited)",
					"@executable_path/Frameworks",
				);
				PRODUCT_BUNDLE_IDENTIFIER = com.iotcloudengine.SmartFarm;
				PRODUCT_NAME = "$(TARGET_NAME)";
				SWIFT_VERSION = 5.0;
				TARGETED_DEVICE_FAMILY = "1,2";
			};
			name = Debug;
		};
		975C300126D3CD7F00EBCC60 /* Release */ = {
			isa = XCBuildConfiguration;
			buildSettings = {
				ASSETCATALOG_COMPILER_APPICON_NAME = AppIcon;
				ASSETCATALOG_COMPILER_GLOBAL_ACCENT_COLOR_NAME = AccentColor;
				CODE_SIGN_STYLE = Automatic;
				DEVELOPMENT_TEAM = G7GEDL8QFV;
				INFOPLIST_FILE = SmartFarm/Info.plist;
				LD_RUNPATH_SEARCH_PATHS = (
					"$(inherited)",
					"@executable_path/Frameworks",
				);
				PRODUCT_BUNDLE_IDENTIFIER = com.iotcloudengine.SmartFarm;
				PRODUCT_NAME = "$(TARGET_NAME)";
				SWIFT_VERSION = 5.0;
				TARGETED_DEVICE_FAMILY = "1,2";
			};
			name = Release;
		};
/* End XCBuildConfiguration section */

/* Begin XCConfigurationList section */
		975C2FE626D3CD6D00EBCC60 /* Build configuration list for PBXProject "SmartFarm" */ = {
			isa = XCConfigurationList;
			buildConfigurations = (
				975C2FFD26D3CD7F00EBCC60 /* Debug */,
				975C2FFE26D3CD7F00EBCC60 /* Release */,
			);
			defaultConfigurationIsVisible = 0;
			defaultConfigurationName = Release;
		};
		975C2FFF26D3CD7F00EBCC60 /* Build configuration list for PBXNativeTarget "SmartFarm" */ = {
			isa = XCConfigurationList;
			buildConfigurations = (
				975C300026D3CD7F00EBCC60 /* Debug */,
				975C300126D3CD7F00EBCC60 /* Release */,
			);
			defaultConfigurationIsVisible = 0;
			defaultConfigurationName = Release;
		};
/* End XCConfigurationList section */
	};
	rootObject = 975C2FE326D3CD6D00EBCC60 /* Project object */;
}
